# THIS IS AN AUTOGENERATED FILE. DO NOT EDIT THIS FILE DIRECTLY.
# yarn lockfile v1


classnames@^2.2.5:
  version "2.2.5"
  resolved "https://registry.yarnpkg.com/classnames/-/classnames-2.2.5.tgz#fb3801d453467649ef3603c7d61a02bd129bde6d"

jquery@^2.1.1:
  version "2.2.4"
  resolved "https://registry.yarnpkg.com/jquery/-/jquery-2.2.4.tgz#2c89d6889b5eac522a7eea32c14521559c6cbf02"

lodash.groupby@^4.5.1:
  version "4.6.0"
  resolved "https://registry.yarnpkg.com/lodash.groupby/-/lodash.groupby-4.6.0.tgz#0b08a1dcf68397c397855c3239783832df7403d1"

lodash@^4.13.1:
  version "4.17.5"
  resolved "https://registry.yarnpkg.com/lodash/-/lodash-4.17.5.tgz#99a92d65c0272debe8c96b6057bc8fbfa3bed511"

object-assign@^4.1.0:
  version "4.1.1"
  resolved "https://registry.yarnpkg.com/object-assign/-/object-assign-4.1.1.tgz#2109adc7965887cfc05cbbd442cac8bfbb360863"

react-contextmenu@^2.9.2:
  version "2.9.2"
  resolved "https://registry.yarnpkg.com/react-contextmenu/-/react-contextmenu-2.9.2.tgz#7076075f09e4cad023a1252da347d9e6782d003a"
  dependencies:
    classnames "^2.2.5"
    object-assign "^4.1.0"

react-data-grid@^3.0.11:
  version "3.0.11"
  resolved "https://registry.yarnpkg.com/react-data-grid/-/react-data-grid-3.0.11.tgz#06329d1548a29de43b314dc51016f972ca34750a"

reselect@^3.0.1:
  version "3.0.1"
  resolved "https://registry.yarnpkg.com/reselect/-/reselect-3.0.1.tgz#efdaa98ea7451324d092b2b2163a6a1d7a9a2147"

underscore@^1.8.3:
  version "1.8.3"
  resolved "https://registry.yarnpkg.com/underscore/-/underscore-1.8.3.tgz#4f3fb53b106e6097fcf9cb4109f2a5e9bdfa5022"
